
Microsoft Visual Studio Solution File, Format Version 12.00
# Visual Studio Version 17
VisualStudioVersion = 17.2.32422.2
MinimumVisualStudioVersion = 10.0.40219.1
Project("{9A19103F-16F7-4668-BE54-9A1E7A4F7556}") = "KristofferStrube.Blazor.SVGAnimation", "src\KristofferStrube.Blazor.SVGAnimation\KristofferStrube.Blazor.SVGAnimation.csproj", "{79BCFFFF-36C5-426B-9E3B-8116ECD32E36}"
EndProject
Project("{9A19103F-16F7-4668-BE54-9A1E7A4F7556}") = "KristofferStrube.Blazor.SVGAnimation.WasmSample", "samples\KristofferStrube.Blazor.SVGAnimation.WasmSample\KristofferStrube.Blazor.SVGAnimation.WasmSample.csproj", "{D9942C3C-CB70-4D48-9E6E-401FB2B71DAF}"
EndProject
Global
	GlobalSection(SolutionConfigurationPlatforms) = preSolution
		Debug|Any CPU = Debug|Any CPU
		Release|Any CPU = Release|Any CPU
	EndGlobalSection
	GlobalSection(ProjectConfigurationPlatforms) = postSolution
		{79BCFFFF-36C5-426B-9E3B-8116ECD32E36}.Debug|Any CPU.ActiveCfg = Debug|Any CPU
		{79BCFFFF-36C5-426B-9E3B-8116ECD32E36}.Debug|Any CPU.Build.0 = Debug|Any CPU
		{79BCFFFF-36C5-426B-9E3B-8116ECD32E36}.Release|Any CPU.ActiveCfg = Release|Any CPU
		{79BCFFFF-36C5-426B-9E3B-8116ECD32E36}.Release|Any CPU.Build.0 = Release|Any CPU
		{D9942C3C-CB70-4D48-9E6E-401FB2B71DAF}.Debug|Any CPU.ActiveCfg = Debug|Any CPU
		{D9942C3C-CB70-4D48-9E6E-401FB2B71DAF}.Debug|Any CPU.Build.0 = Debug|Any CPU
		{D9942C3C-CB70-4D48-9E6E-401FB2B71DAF}.Release|Any CPU.ActiveCfg = Release|Any CPU
		{D9942C3C-CB70-4D48-9E6E-401FB2B71DAF}.Release|Any CPU.Build.0 = Release|Any CPU
	EndGlobalSection
	GlobalSection(SolutionProperties) = preSolution
		HideSolutionNode = FALSE
	EndGlobalSection
	GlobalSection(ExtensibilityGlobals) = postSolution
		SolutionGuid = {A94232FD-AEC9-486E-95EC-27F20C51CBC1}
	EndGlobalSection
EndGlobal
